
Microsoft Visual Studio Solution File, Format Version 12.00
# Visual Studio 2013
VisualStudioVersion = 12.0.30723.0
MinimumVisualStudioVersion = 10.0.40219.1
Project("{FAE04EC0-301F-11D3-BF4B-00C04F79EFBC}") = "ArrangeMock", "ArrangeMock\ArrangeMock.csproj", "{BC4558AE-32A2-4016-A103-4D48F6F92457}"
EndProject
Project("{FAE04EC0-301F-11D3-BF4B-00C04F79EFBC}") = "ArrangeMock.UnitTest", "ArrangeMock.UnitTest\ArrangeMock.UnitTest.csproj", "{4BA407D2-E950-4254-B899-5DF32AC87E7D}"
EndProject
Project("{2150E333-8FDC-42A3-9474-1A3956D46DE8}") = ".nuget", ".nuget", "{7164EF81-01FC-4B53-A6D4-29DBE12B801D}"
	ProjectSection(SolutionItems) = preProject
		.nuget\NuGet.Config = .nuget\NuGet.Config
		.nuget\NuGet.exe = .nuget\NuGet.exe
		.nuget\NuGet.targets = .nuget\NuGet.targets
	EndProjectSection
EndProject
Project("{2150E333-8FDC-42A3-9474-1A3956D46DE8}") = "Solution Items", "Solution Items", "{CC172943-29C7-4FBA-B7D6-C25FA8DBC36B}"
	ProjectSection(SolutionItems) = preProject
		..\README.md = ..\README.md
	EndProjectSection
EndProject
Global
	GlobalSection(SolutionConfigurationPlatforms) = preSolution
		Debug|Any CPU = Debug|Any CPU
		Release|Any CPU = Release|Any CPU
	EndGlobalSection
	GlobalSection(ProjectConfigurationPlatforms) = postSolution
		{BC4558AE-32A2-4016-A103-4D48F6F92457}.Debug|Any CPU.ActiveCfg = Debug|Any CPU
		{BC4558AE-32A2-4016-A103-4D48F6F92457}.Debug|Any CPU.Build.0 = Debug|Any CPU
		{BC4558AE-32A2-4016-A103-4D48F6F92457}.Release|Any CPU.ActiveCfg = Release|Any CPU
		{BC4558AE-32A2-4016-A103-4D48F6F92457}.Release|Any CPU.Build.0 = Release|Any CPU
		{4BA407D2-E950-4254-B899-5DF32AC87E7D}.Debug|Any CPU.ActiveCfg = Debug|Any CPU
		{4BA407D2-E950-4254-B899-5DF32AC87E7D}.Debug|Any CPU.Build.0 = Debug|Any CPU
		{4BA407D2-E950-4254-B899-5DF32AC87E7D}.Release|Any CPU.ActiveCfg = Release|Any CPU
		{4BA407D2-E950-4254-B899-5DF32AC87E7D}.Release|Any CPU.Build.0 = Release|Any CPU
	EndGlobalSection
	GlobalSection(SolutionProperties) = preSolution
		HideSolutionNode = FALSE
	EndGlobalSection
EndGlobal
